
Microsoft Visual Studio Solution File, Format Version 12.00
# Visual Studio Version 17
VisualStudioVersion = 17.6.33815.320
MinimumVisualStudioVersion = 10.0.40219.1
Project("{2150E333-8FDC-42A3-9474-1A3956D46DE8}") = "Engine", "Engine", "{90BD57E4-4D1F-483C-9F3F-371A5CDA2CBD}"
EndProject
Project("{2150E333-8FDC-42A3-9474-1A3956D46DE8}") = "Game", "Game", "{29C62D14-DA0F-4D01-8050-B9BA8CACF9DF}"
EndProject
Project("{8BC9CEB8-8B4A-11D0-8D11-00A0C91BC942}") = "Core", "Source\Engine\Core\Core.vcxproj", "{67C23787-5ED2-4865-B689-CED1BD955043}"
EndProject
Project("{8BC9CEB8-8B4A-11D0-8D11-00A0C91BC942}") = "Audio", "Source\Engine\Audio\Audio.vcxproj", "{754DD1C9-5172-4F65-92CA-5250408ECDE9}"
EndProject
Project("{8BC9CEB8-8B4A-11D0-8D11-00A0C91BC942}") = "Framework", "Source\Engine\Framework\Framework.vcxproj", "{DE1A7C0A-D760-4B6F-BA8B-9CFF649CA6C8}"
EndProject
Project("{8BC9CEB8-8B4A-11D0-8D11-00A0C91BC942}") = "Input", "Source\Engine\Input\Input.vcxproj", "{B48CE339-7C17-4FED-9033-A4DD48D055DB}"
EndProject
Project("{8BC9CEB8-8B4A-11D0-8D11-00A0C91BC942}") = "Renderer", "Source\Engine\Renderer\Renderer.vcxproj", "{9529EC2B-CBD0-4285-90F5-22A782176F03}"
EndProject
Project("{8BC9CEB8-8B4A-11D0-8D11-00A0C91BC942}") = "Game", "Source\Game\Game\Game.vcxproj", "{B357C599-F23C-46CD-A765-7654FC2343E9}"
EndProject
Global
	GlobalSection(SolutionConfigurationPlatforms) = preSolution
		Debug|x64 = Debug|x64
		Debug|x86 = Debug|x86
		Release|x64 = Release|x64
		Release|x86 = Release|x86
	EndGlobalSection
	GlobalSection(ProjectConfigurationPlatforms) = postSolution
		{67C23787-5ED2-4865-B689-CED1BD955043}.Debug|x64.ActiveCfg = Debug|x64
		{67C23787-5ED2-4865-B689-CED1BD955043}.Debug|x64.Build.0 = Debug|x64
		{67C23787-5ED2-4865-B689-CED1BD955043}.Debug|x86.ActiveCfg = Debug|Win32
		{67C23787-5ED2-4865-B689-CED1BD955043}.Debug|x86.Build.0 = Debug|Win32
		{67C23787-5ED2-4865-B689-CED1BD955043}.Release|x64.ActiveCfg = Release|x64
		{67C23787-5ED2-4865-B689-CED1BD955043}.Release|x64.Build.0 = Release|x64
		{67C23787-5ED2-4865-B689-CED1BD955043}.Release|x86.ActiveCfg = Release|Win32
		{67C23787-5ED2-4865-B689-CED1BD955043}.Release|x86.Build.0 = Release|Win32
		{754DD1C9-5172-4F65-92CA-5250408ECDE9}.Debug|x64.ActiveCfg = Debug|x64
		{754DD1C9-5172-4F65-92CA-5250408ECDE9}.Debug|x64.Build.0 = Debug|x64
		{754DD1C9-5172-4F65-92CA-5250408ECDE9}.Debug|x86.ActiveCfg = Debug|Win32
		{754DD1C9-5172-4F65-92CA-5250408ECDE9}.Debug|x86.Build.0 = Debug|Win32
		{754DD1C9-5172-4F65-92CA-5250408ECDE9}.Release|x64.ActiveCfg = Release|x64
		{754DD1C9-5172-4F65-92CA-5250408ECDE9}.Release|x64.Build.0 = Release|x64
		{754DD1C9-5172-4F65-92CA-5250408ECDE9}.Release|x86.ActiveCfg = Release|Win32
		{754DD1C9-5172-4F65-92CA-5250408ECDE9}.Release|x86.Build.0 = Release|Win32
		{DE1A7C0A-D760-4B6F-BA8B-9CFF649CA6C8}.Debug|x64.ActiveCfg = Debug|x64
		{DE1A7C0A-D760-4B6F-BA8B-9CFF649CA6C8}.Debug|x64.Build.0 = Debug|x64
		{DE1A7C0A-D760-4B6F-BA8B-9CFF649CA6C8}.Debug|x86.ActiveCfg = Debug|Win32
		{DE1A7C0A-D760-4B6F-BA8B-9CFF649CA6C8}.Debug|x86.Build.0 = Debug|Win32
		{DE1A7C0A-D760-4B6F-BA8B-9CFF649CA6C8}.Release|x64.ActiveCfg = Release|x64
		{DE1A7C0A-D760-4B6F-BA8B-9CFF649CA6C8}.Release|x64.Build.0 = Release|x64
		{DE1A7C0A-D760-4B6F-BA8B-9CFF649CA6C8}.Release|x86.ActiveCfg = Release|Win32
		{DE1A7C0A-D760-4B6F-BA8B-9CFF649CA6C8}.Release|x86.Build.0 = Release|Win32
		{B48CE339-7C17-4FED-9033-A4DD48D055DB}.Debug|x64.ActiveCfg = Debug|x64
		{B48CE339-7C17-4FED-9033-A4DD48D055DB}.Debug|x64.Build.0 = Debug|x64
		{B48CE339-7C17-4FED-9033-A4DD48D055DB}.Debug|x86.ActiveCfg = Debug|Win32
		{B48CE339-7C17-4FED-9033-A4DD48D055DB}.Debug|x86.Build.0 = Debug|Win32
		{B48CE339-7C17-4FED-9033-A4DD48D055DB}.Release|x64.ActiveCfg = Release|x64
		{B48CE339-7C17-4FED-9033-A4DD48D055DB}.Release|x64.Build.0 = Release|x64
		{B48CE339-7C17-4FED-9033-A4DD48D055DB}.Release|x86.ActiveCfg = Release|Win32
		{B48CE339-7C17-4FED-9033-A4DD48D055DB}.Release|x86.Build.0 = Release|Win32
		{9529EC2B-CBD0-4285-90F5-22A782176F03}.Debug|x64.ActiveCfg = Debug|x64
		{9529EC2B-CBD0-4285-90F5-22A782176F03}.Debug|x64.Build.0 = Debug|x64
		{9529EC2B-CBD0-4285-90F5-22A782176F03}.Debug|x86.ActiveCfg = Debug|Win32
		{9529EC2B-CBD0-4285-90F5-22A782176F03}.Debug|x86.Build.0 = Debug|Win32
		{9529EC2B-CBD0-4285-90F5-22A782176F03}.Release|x64.ActiveCfg = Release|x64
		{9529EC2B-CBD0-4285-90F5-22A782176F03}.Release|x64.Build.0 = Release|x64
		{9529EC2B-CBD0-4285-90F5-22A782176F03}.Release|x86.ActiveCfg = Release|Win32
		{9529EC2B-CBD0-4285-90F5-22A782176F03}.Release|x86.Build.0 = Release|Win32
		{B357C599-F23C-46CD-A765-7654FC2343E9}.Debug|x64.ActiveCfg = Debug|x64
		{B357C599-F23C-46CD-A765-7654FC2343E9}.Debug|x64.Build.0 = Debug|x64
		{B357C599-F23C-46CD-A765-7654FC2343E9}.Debug|x86.ActiveCfg = Debug|Win32
		{B357C599-F23C-46CD-A765-7654FC2343E9}.Debug|x86.Build.0 = Debug|Win32
		{B357C599-F23C-46CD-A765-7654FC2343E9}.Release|x64.ActiveCfg = Release|x64
		{B357C599-F23C-46CD-A765-7654FC2343E9}.Release|x64.Build.0 = Release|x64
		{B357C599-F23C-46CD-A765-7654FC2343E9}.Release|x86.ActiveCfg = Release|Win32
		{B357C599-F23C-46CD-A765-7654FC2343E9}.Release|x86.Build.0 = Release|Win32
	EndGlobalSection
	GlobalSection(SolutionProperties) = preSolution
		HideSolutionNode = FALSE
	EndGlobalSection
	GlobalSection(NestedProjects) = preSolution
		{67C23787-5ED2-4865-B689-CED1BD955043} = {90BD57E4-4D1F-483C-9F3F-371A5CDA2CBD}
		{754DD1C9-5172-4F65-92CA-5250408ECDE9} = {90BD57E4-4D1F-483C-9F3F-371A5CDA2CBD}
		{DE1A7C0A-D760-4B6F-BA8B-9CFF649CA6C8} = {90BD57E4-4D1F-483C-9F3F-371A5CDA2CBD}
		{B48CE339-7C17-4FED-9033-A4DD48D055DB} = {90BD57E4-4D1F-483C-9F3F-371A5CDA2CBD}
		{9529EC2B-CBD0-4285-90F5-22A782176F03} = {90BD57E4-4D1F-483C-9F3F-371A5CDA2CBD}
		{B357C599-F23C-46CD-A765-7654FC2343E9} = {29C62D14-DA0F-4D01-8050-B9BA8CACF9DF}
	EndGlobalSection
	GlobalSection(ExtensibilityGlobals) = postSolution
		SolutionGuid = {390871CE-B37B-4E70-8915-1CB25BD4988B}
	EndGlobalSection
EndGlobal
